
Microsoft Visual Studio Solution File, Format Version 12.00
# Visual Studio Version 17
VisualStudioVersion = 17.13.35919.96 d17.13
MinimumVisualStudioVersion = 10.0.40219.1
Project("{FAE04EC0-301F-11D3-BF4B-00C04F79EFBC}") = "YuNLTDotNetTrainingBatch2.ConsoleApp", "YuNLTDotNetTrainingBatch2.ConsoleApp\YuNLTDotNetTrainingBatch2.ConsoleApp.csproj", "{0E13D9C7-4969-451B-86F0-22795A1E8C52}"
EndProject
Global
	GlobalSection(SolutionConfigurationPlatforms) = preSolution
		Debug|Any CPU = Debug|Any CPU
		Release|Any CPU = Release|Any CPU
	EndGlobalSection
	GlobalSection(ProjectConfigurationPlatforms) = postSolution
		{0E13D9C7-4969-451B-86F0-22795A1E8C52}.Debug|Any CPU.ActiveCfg = Debug|Any CPU
		{0E13D9C7-4969-451B-86F0-22795A1E8C52}.Debug|Any CPU.Build.0 = Debug|Any CPU
		{0E13D9C7-4969-451B-86F0-22795A1E8C52}.Release|Any CPU.ActiveCfg = Release|Any CPU
		{0E13D9C7-4969-451B-86F0-22795A1E8C52}.Release|Any CPU.Build.0 = Release|Any CPU
	EndGlobalSection
	GlobalSection(SolutionProperties) = preSolution
		HideSolutionNode = FALSE
	EndGlobalSection
	GlobalSection(ExtensibilityGlobals) = postSolution
		SolutionGuid = {4186609C-27C1-496B-BD5F-7FBB33361AD5}
	EndGlobalSection
EndGlobal
