
Microsoft Visual Studio Solution File, Format Version 12.00
# Visual Studio Version 17
VisualStudioVersion = 17.13.35919.96
MinimumVisualStudioVersion = 10.0.40219.1
Project("{FAE04EC0-301F-11D3-BF4B-00C04F79EFBC}") = "YuNLTDotNetTrainingBatch2.ConsoleApp", "YuNLTDotNetTrainingBatch2.ConsoleApp\YuNLTDotNetTrainingBatch2.ConsoleApp.csproj", "{0E13D9C7-4969-451B-86F0-22795A1E8C52}"
EndProject
Project("{FAE04EC0-301F-11D3-BF4B-00C04F79EFBC}") = "YuNLTDotNetTrainingBatch2.Database", "YuNLTDotNetTrainingBatch2.Database\YuNLTDotNetTrainingBatch2.Database.csproj", "{9C81F384-E735-4595-89D4-BF5349F3899D}"
EndProject
Project("{FAE04EC0-301F-11D3-BF4B-00C04F79EFBC}") = "YuNLTDotNetTrainingBatch2.POS", "YuNLTDotNetTrainingBatch2.POS\YuNLTDotNetTrainingBatch2.POS.csproj", "{12266001-2A49-4E47-8EBD-80CEEDBE70BD}"
EndProject
Project("{2150E333-8FDC-42A3-9474-1A3956D46DE8}") = "Projects", "Projects", "{02EA681E-C7D8-13C7-8484-4AC65E1B71E8}"
EndProject
Project("{FAE04EC0-301F-11D3-BF4B-00C04F79EFBC}") = "YuNLTDotNetTrainingBatch2.Domain", "YuNLTDotNetTrainingBatch2.Domain\YuNLTDotNetTrainingBatch2.Domain.csproj", "{6B9A06A0-67B8-41B4-A3BB-572CF5A5E7E8}"
EndProject
Project("{2150E333-8FDC-42A3-9474-1A3956D46DE8}") = "Shared", "Shared", "{04474130-FE27-4039-826A-7FFFFF4B0B02}"
EndProject
Global
	GlobalSection(SolutionConfigurationPlatforms) = preSolution
		Debug|Any CPU = Debug|Any CPU
		Release|Any CPU = Release|Any CPU
	EndGlobalSection
	GlobalSection(ProjectConfigurationPlatforms) = postSolution
		{0E13D9C7-4969-451B-86F0-22795A1E8C52}.Debug|Any CPU.ActiveCfg = Debug|Any CPU
		{0E13D9C7-4969-451B-86F0-22795A1E8C52}.Debug|Any CPU.Build.0 = Debug|Any CPU
		{0E13D9C7-4969-451B-86F0-22795A1E8C52}.Release|Any CPU.ActiveCfg = Release|Any CPU
		{0E13D9C7-4969-451B-86F0-22795A1E8C52}.Release|Any CPU.Build.0 = Release|Any CPU
		{9C81F384-E735-4595-89D4-BF5349F3899D}.Debug|Any CPU.ActiveCfg = Debug|Any CPU
		{9C81F384-E735-4595-89D4-BF5349F3899D}.Debug|Any CPU.Build.0 = Debug|Any CPU
		{9C81F384-E735-4595-89D4-BF5349F3899D}.Release|Any CPU.ActiveCfg = Release|Any CPU
		{9C81F384-E735-4595-89D4-BF5349F3899D}.Release|Any CPU.Build.0 = Release|Any CPU
		{12266001-2A49-4E47-8EBD-80CEEDBE70BD}.Debug|Any CPU.ActiveCfg = Debug|Any CPU
		{12266001-2A49-4E47-8EBD-80CEEDBE70BD}.Debug|Any CPU.Build.0 = Debug|Any CPU
		{12266001-2A49-4E47-8EBD-80CEEDBE70BD}.Release|Any CPU.ActiveCfg = Release|Any CPU
		{12266001-2A49-4E47-8EBD-80CEEDBE70BD}.Release|Any CPU.Build.0 = Release|Any CPU
		{6B9A06A0-67B8-41B4-A3BB-572CF5A5E7E8}.Debug|Any CPU.ActiveCfg = Debug|Any CPU
		{6B9A06A0-67B8-41B4-A3BB-572CF5A5E7E8}.Debug|Any CPU.Build.0 = Debug|Any CPU
		{6B9A06A0-67B8-41B4-A3BB-572CF5A5E7E8}.Release|Any CPU.ActiveCfg = Release|Any CPU
		{6B9A06A0-67B8-41B4-A3BB-572CF5A5E7E8}.Release|Any CPU.Build.0 = Release|Any CPU
	EndGlobalSection
	GlobalSection(SolutionProperties) = preSolution
		HideSolutionNode = FALSE
	EndGlobalSection
	GlobalSection(NestedProjects) = preSolution
		{0E13D9C7-4969-451B-86F0-22795A1E8C52} = {02EA681E-C7D8-13C7-8484-4AC65E1B71E8}
		{9C81F384-E735-4595-89D4-BF5349F3899D} = {04474130-FE27-4039-826A-7FFFFF4B0B02}
		{12266001-2A49-4E47-8EBD-80CEEDBE70BD} = {02EA681E-C7D8-13C7-8484-4AC65E1B71E8}
		{6B9A06A0-67B8-41B4-A3BB-572CF5A5E7E8} = {02EA681E-C7D8-13C7-8484-4AC65E1B71E8}
		{04474130-FE27-4039-826A-7FFFFF4B0B02} = {02EA681E-C7D8-13C7-8484-4AC65E1B71E8}
	EndGlobalSection
	GlobalSection(ExtensibilityGlobals) = postSolution
		SolutionGuid = {4186609C-27C1-496B-BD5F-7FBB33361AD5}
	EndGlobalSection
EndGlobal
